<?xml version="1.0" encoding="utf-8"?>
<Project ToolsVersion="4.0" xmlns="http://schemas.microsoft.com/developer/msbuild/2003">
  <ItemGroup>
    <Filter Include="Source Files">
      <UniqueIdentifier>{4FC737F1-C7A5-4376-A066-2A32D752A2FF}</UniqueIdentifier>
      <Extensions>cpp;c;cc;cxx;def;odl;idl;hpj;bat;asm;asmx</Extensions>
    </Filter>
    <Filter Include="Header Files">
      <UniqueIdentifier>{93995380-89BD-4b04-88EB-625FBE52EBFB}</UniqueIdentifier>
      <Extensions>h;hh;hpp;hxx;hm;inl;inc;ipp;xsd</Extensions>
    </Filter>
    <Filter Include="Resource Files">
      <UniqueIdentifier>{67DA6AB6-F800-4c08-8B7A-83BB121AAD01}</UniqueIdentifier>
      <Extensions>rc;ico;cur;bmp;dlg;rc2;rct;bin;rgs;gif;jpg;jpeg;jpe;resx;tiff;tif;png;wav;mfcribbon-ms</Extensions>
    </Filter>
    <Filter Include="Header Files\memory-management">
      <UniqueIdentifier>{a1280f0e-dc3d-4fb1-bd69-e6b3cfa16f8d}</UniqueIdentifier>
    </Filter>
    <Filter Include="Header Files\interface">
      <UniqueIdentifier>{7df68994-4c7c-4a1c-acfd-ee5313319a93}</UniqueIdentifier>
    </Filter>
    <Filter Include="Source Files\assets">
      <UniqueIdentifier>{be522536-859a-4339-97c6-853ccb893c0d}</UniqueIdentifier>
    </Filter>
    <Filter Include="Header Files\assets">
      <UniqueIdentifier>{9b3bbec7-2f7a-4ddb-b1db-419c7d5be205}</UniqueIdentifier>
    </Filter>
    <Filter Include="Header Files\assets\animation">
      <UniqueIdentifier>{be8fd116-790a-401c-afc2-2b73cface2a8}</UniqueIdentifier>
    </Filter>
    <Filter Include="Source Files\assets\animation">
      <UniqueIdentifier>{6bfc7c6b-dbb5-4273-971c-223eaa424dc4}</UniqueIdentifier>
    </Filter>
    <Filter Include="Source Files\api">
      <UniqueIdentifier>{12791f97-1ef9-433f-8054-19a3c7b99a22}</UniqueIdentifier>
    </Filter>
    <Filter Include="Source Files\api\directx11">
      <UniqueIdentifier>{505c2014-067f-4293-b830-70669648d0fb}</UniqueIdentifier>
    </Filter>
    <Filter Include="Source Files\api\directx10">
      <UniqueIdentifier>{28058cd1-fdf3-4a55-b693-b739b4e8a748}</UniqueIdentifier>
    </Filter>
    <Filter Include="Source Files\api\opengl">
      <UniqueIdentifier>{46c1a011-c285-426b-9e29-6f31e885f75a}</UniqueIdentifier>
    </Filter>
    <Filter Include="Header Files\object">
      <UniqueIdentifier>{18b1e4f7-e3f6-4744-817a-74a7b3f7e862}</UniqueIdentifier>
    </Filter>
    <Filter Include="Source Files\object">
      <UniqueIdentifier>{25de78db-f5fa-45c8-8f20-1080fcb41348}</UniqueIdentifier>
    </Filter>
    <Filter Include="Header Files\sound">
      <UniqueIdentifier>{c4b2df5f-d52d-4157-87ef-15f4f4acf306}</UniqueIdentifier>
    </Filter>
    <Filter Include="Source Files\assets\animation\interchange">
      <UniqueIdentifier>{eb9fcf05-0f45-440f-ba92-5ad3d8fd5006}</UniqueIdentifier>
    </Filter>
    <Filter Include="Header Files\assets\animation\interchange">
      <UniqueIdentifier>{a96a3f07-7737-479c-af67-97871f8fab9f}</UniqueIdentifier>
    </Filter>
    <Filter Include="Source Files\audio">
      <UniqueIdentifier>{5ebc860d-672a-4cf9-bab9-5d79b371d5e1}</UniqueIdentifier>
    </Filter>
    <Filter Include="Source Files\audio\ds8">
      <UniqueIdentifier>{421bc0ea-5284-42aa-adcc-f0b74c31363d}</UniqueIdentifier>
    </Filter>
    <Filter Include="Source Files\audio\wave">
      <UniqueIdentifier>{24a6c49e-7b7f-46dd-866c-d13cf2db22f2}</UniqueIdentifier>
    </Filter>
    <Filter Include="Header Files\audio">
      <UniqueIdentifier>{6bd0daa2-9320-4f30-aba3-6347fbcdf003}</UniqueIdentifier>
    </Filter>
    <Filter Include="Header Files\audio\ds8">
      <UniqueIdentifier>{fa0f3523-0126-4fa3-8ec4-3d0631172d86}</UniqueIdentifier>
    </Filter>
    <Filter Include="Header Files\audio\wave">
      <UniqueIdentifier>{184510f8-623e-4ed6-8260-53455e77b6b2}</UniqueIdentifier>
    </Filter>
    <Filter Include="Header Files\color">
      <UniqueIdentifier>{a49bee32-9053-4be9-9e61-39727afa2fb9}</UniqueIdentifier>
    </Filter>
    <Filter Include="Source Files\color">
      <UniqueIdentifier>{f7364ee5-b1c6-4126-a9a4-dba4b225b852}</UniqueIdentifier>
    </Filter>
    <Filter Include="Source Files\window-system">
      <UniqueIdentifier>{33a48428-875c-4469-9e00-d381f3699a7c}</UniqueIdentifier>
    </Filter>
    <Filter Include="Source Files\window-system\windows">
      <UniqueIdentifier>{9c24c283-d38f-443e-a986-54812672896a}</UniqueIdentifier>
    </Filter>
    <Filter Include="Source Files\input">
      <UniqueIdentifier>{881cc602-f3ce-47d8-9727-23632e08eb14}</UniqueIdentifier>
    </Filter>
    <Filter Include="Source Files\input\windows">
      <UniqueIdentifier>{76e2c80d-15f8-401e-b989-e885b9607181}</UniqueIdentifier>
    </Filter>
    <Filter Include="Source Files\error-handling">
      <UniqueIdentifier>{e1a29b99-c1ae-4324-b5db-5df976331a88}</UniqueIdentifier>
    </Filter>
    <Filter Include="Source Files\memory-management">
      <UniqueIdentifier>{1d55c780-55c5-4b3c-97c3-d550feac597a}</UniqueIdentifier>
    </Filter>
    <Filter Include="Source Files\debugging">
      <UniqueIdentifier>{a045bfce-4213-4c1e-b8d1-119543a000d7}</UniqueIdentifier>
    </Filter>
    <Filter Include="Source Files\debugging\logging">
      <UniqueIdentifier>{ed248d0a-4171-4a27-af45-21e748bdf8cd}</UniqueIdentifier>
    </Filter>
    <Filter Include="Source Files\base">
      <UniqueIdentifier>{c0fa04da-3c5c-4e72-9175-0505337fc154}</UniqueIdentifier>
    </Filter>
    <Filter Include="Source Files\assets\legacy">
      <UniqueIdentifier>{5ab3f8bb-6c4f-4932-a157-64a4ca4cb27e}</UniqueIdentifier>
    </Filter>
    <Filter Include="Source Files\timing">
      <UniqueIdentifier>{db6d240a-dd2b-438f-a507-17511fe57c6d}</UniqueIdentifier>
    </Filter>
    <Filter Include="Source Files\math">
      <UniqueIdentifier>{83029188-0ed8-4b65-8c6d-8bb03789d590}</UniqueIdentifier>
    </Filter>
    <Filter Include="Source Files\file">
      <UniqueIdentifier>{b34a11c3-fb56-40b3-956c-43cb491246fa}</UniqueIdentifier>
    </Filter>
    <Filter Include="Header Files\api">
      <UniqueIdentifier>{2bc39aea-c7c4-40a6-8f18-3e0ef984e91b}</UniqueIdentifier>
    </Filter>
    <Filter Include="Header Files\base">
      <UniqueIdentifier>{787d1d0b-6e44-4158-893c-9c50e3a3906e}</UniqueIdentifier>
    </Filter>
    <Filter Include="Header Files\debugging">
      <UniqueIdentifier>{65b9c7a9-f6b0-4d05-82e1-12bbf1be505f}</UniqueIdentifier>
    </Filter>
    <Filter Include="Header Files\error-handling">
      <UniqueIdentifier>{7ef5c4f4-72da-4c59-951c-ae31ea080858}</UniqueIdentifier>
    </Filter>
    <Filter Include="Header Files\file">
      <UniqueIdentifier>{d3fe9768-03b0-4c31-b422-72d07a597b4e}</UniqueIdentifier>
    </Filter>
    <Filter Include="Header Files\input">
      <UniqueIdentifier>{1818b90e-1640-4470-b23f-aaa0cc77c211}</UniqueIdentifier>
    </Filter>
    <Filter Include="Header Files\timing">
      <UniqueIdentifier>{9d5863f4-fee9-46c1-92f1-594786a4b690}</UniqueIdentifier>
    </Filter>
    <Filter Include="Header Files\window-system">
      <UniqueIdentifier>{bd80a5d7-e348-4a5f-824b-4cfaad2a819d}</UniqueIdentifier>
    </Filter>
    <Filter Include="Header Files\window-system\windows">
      <UniqueIdentifier>{2ea550aa-f119-4cba-8116-a40e864cb659}</UniqueIdentifier>
    </Filter>
    <Filter Include="Header Files\input\windows">
      <UniqueIdentifier>{ff730f26-7ab6-4389-a870-18ae7adb1024}</UniqueIdentifier>
    </Filter>
    <Filter Include="Header Files\math">
      <UniqueIdentifier>{1998f80d-1c7c-43e6-906a-f74cc84a14c2}</UniqueIdentifier>
    </Filter>
    <Filter Include="Header Files\assets\legacy">
      <UniqueIdentifier>{ad8b7a03-4b51-4644-9805-1dd4f7adfc05}</UniqueIdentifier>
    </Filter>
    <Filter Include="Header Files\api\opengl">
      <UniqueIdentifier>{607fba55-6e13-4559-a660-de6f53c8daac}</UniqueIdentifier>
    </Filter>
    <Filter Include="Header Files\api\directx11">
      <UniqueIdentifier>{0c30c88b-69ef-4ce1-a91a-2b3adc2df844}</UniqueIdentifier>
    </Filter>
    <Filter Include="Header Files\api\directx10">
      <UniqueIdentifier>{c5519309-5f66-4f30-b1b7-501af7412375}</UniqueIdentifier>
    </Filter>
  </ItemGroup>
  <ItemGroup>
    <ClInclude Include="..\..\include\yds_core.h">
      <Filter>Header Files\interface</Filter>
    </ClInclude>
    <ClInclude Include="..\..\include\yds_dynamic_allocator.h">
      <Filter>Header Files\memory-management</Filter>
    </ClInclude>
    <ClInclude Include="..\..\include\yds_dynamic_array.h">
      <Filter>Header Files\memory-management</Filter>
    </ClInclude>
    <ClInclude Include="..\..\include\yds_dynamic_array_deprecated.h">
      <Filter>Header Files\memory-management</Filter>
    </ClInclude>
    <ClInclude Include="..\..\include\yds_expanding_array.h">
      <Filter>Header Files\memory-management</Filter>
    </ClInclude>
    <ClInclude Include="..\..\include\yds_allocator.h">
      <Filter>Header Files\memory-management</Filter>
    </ClInclude>
    <ClInclude Include="..\..\include\yds_interchange_file_0_0.h">
      <Filter>Header Files\assets</Filter>
    </ClInclude>
    <ClInclude Include="..\..\include\yds_interchange_object.h">
      <Filter>Header Files\assets</Filter>
    </ClInclude>
    <ClInclude Include="..\..\include\yds_interchange_file_0_1.h">
      <Filter>Header Files\assets</Filter>
    </ClInclude>
    <ClInclude Include="..\..\include\yds_animation_curve.h">
      <Filter>Header Files\assets\animation</Filter>
    </ClInclude>
    <ClInclude Include="..\..\include\yds_animation_action.h">
      <Filter>Header Files\assets\animation</Filter>
    </ClInclude>
    <ClInclude Include="..\..\include\yds_animation_mixer.h">
      <Filter>Header Files\assets\animation</Filter>
    </ClInclude>
    <ClInclude Include="..\..\include\yds_animation_target.h">
      <Filter>Header Files\assets\animation</Filter>
    </ClInclude>
    <ClInclude Include="..\..\include\yds_animation_action_binding.h">
      <Filter>Header Files\assets\animation</Filter>
    </ClInclude>
    <ClInclude Include="..\..\include\yds_transform.h">
      <Filter>Header Files\object</Filter>
    </ClInclude>
    <ClInclude Include="..\..\include\yds_animation_interchange_file.h">
      <Filter>Header Files\assets\animation\interchange</Filter>
    </ClInclude>
    <ClInclude Include="..\..\include\yds_animation_interchange_file_reader.h">
      <Filter>Header Files\assets\animation\interchange</Filter>
    </ClInclude>
    <ClInclude Include="..\..\include\yds_animation_interchange_file_reader_0_0.h">
      <Filter>Header Files\assets\animation\interchange</Filter>
    </ClInclude>
    <ClInclude Include="..\..\include\yds_animation_interchange_file_reader_0_1.h">
      <Filter>Header Files\assets\animation\interchange</Filter>
    </ClInclude>
    <ClInclude Include="..\..\include\yds_audio_buffer.h">
      <Filter>Header Files\audio</Filter>
    </ClInclude>
    <ClInclude Include="..\..\include\yds_audio_device.h">
      <Filter>Header Files\audio</Filter>
    </ClInclude>
    <ClInclude Include="..\..\include\yds_audio_file.h">
      <Filter>Header Files\audio</Filter>
    </ClInclude>
    <ClInclude Include="..\..\include\yds_audio_parameters.h">
      <Filter>Header Files\audio</Filter>
    </ClInclude>
    <ClInclude Include="..\..\include\yds_audio_streaming.h">
      <Filter>Header Files\audio</Filter>
    </ClInclude>
    <ClInclude Include="..\..\include\yds_audio_system.h">
      <Filter>Header Files\audio</Filter>
    </ClInclude>
    <ClInclude Include="..\..\include\yds_audio_system_object.h">
      <Filter>Header Files\audio</Filter>
    </ClInclude>
    <ClInclude Include="..\..\include\yds_ds8_device.h">
      <Filter>Header Files\audio\ds8</Filter>
    </ClInclude>
    <ClInclude Include="..\..\include\yds_ds8_system.h">
      <Filter>Header Files\audio\ds8</Filter>
    </ClInclude>
    <ClInclude Include="..\..\include\yds_windows_audio_wave_file.h">
      <Filter>Header Files\audio\wave</Filter>
    </ClInclude>
    <ClInclude Include="..\..\include\yds_ds8_audio_source.h">
      <Filter>Header Files\audio\ds8</Filter>
    </ClInclude>
    <ClInclude Include="..\..\include\yds_audio_source.h">
      <Filter>Header Files\audio</Filter>
    </ClInclude>
    <ClInclude Include="..\..\include\yds_ds8_audio_buffer.h">
      <Filter>Header Files\audio\ds8</Filter>
    </ClInclude>
    <ClInclude Include="..\..\include\yds_color.h">
      <Filter>Header Files\color</Filter>
    </ClInclude>
    <ClInclude Include="..\..\include\yds_window.h">
      <Filter>Header Files\window-system</Filter>
    </ClInclude>
    <ClInclude Include="..\..\include\yds_window_event_handler.h">
      <Filter>Header Files\window-system</Filter>
    </ClInclude>
    <ClInclude Include="..\..\include\yds_window_system.h">
      <Filter>Header Files\window-system</Filter>
    </ClInclude>
    <ClInclude Include="..\..\include\yds_window_system_object.h">
      <Filter>Header Files\window-system</Filter>
    </ClInclude>
    <ClInclude Include="..\..\include\yds_timing.h">
      <Filter>Header Files\timing</Filter>
    </ClInclude>
    <ClInclude Include="..\..\include\yds_windows_monitor.h">
      <Filter>Header Files\window-system\windows</Filter>
    </ClInclude>
    <ClInclude Include="..\..\include\yds_windows_window.h">
      <Filter>Header Files\window-system\windows</Filter>
    </ClInclude>
    <ClInclude Include="..\..\include\yds_windows_window_system.h">
      <Filter>Header Files\window-system\windows</Filter>
    </ClInclude>
    <ClInclude Include="..\..\include\yds_linked_list.h">
      <Filter>Header Files\memory-management</Filter>
    </ClInclude>
    <ClInclude Include="..\..\include\yds_error_handler.h">
      <Filter>Header Files\error-handling</Filter>
    </ClInclude>
    <ClInclude Include="..\..\include\yds_error_codes.h">
      <Filter>Header Files\error-handling</Filter>
    </ClInclude>
    <ClInclude Include="..\..\include\yds_error_system.h">
      <Filter>Header Files\error-handling</Filter>
    </ClInclude>
    <ClInclude Include="..\..\include\yds_input_device.h">
      <Filter>Header Files\input</Filter>
    </ClInclude>
    <ClInclude Include="..\..\include\yds_input_layout.h">
      <Filter>Header Files\input</Filter>
    </ClInclude>
    <ClInclude Include="..\..\include\yds_input_system.h">
      <Filter>Header Files\input</Filter>
    </ClInclude>
    <ClInclude Include="..\..\include\yds_windows_input_device.h">
      <Filter>Header Files\input\windows</Filter>
    </ClInclude>
    <ClInclude Include="..\..\include\yds_windows_input_system.h">
      <Filter>Header Files\input\windows</Filter>
    </ClInclude>
    <ClInclude Include="..\..\include\yds_mouse.h">
      <Filter>Header Files\input</Filter>
    </ClInclude>
    <ClInclude Include="..\..\include\yds_queue.h">
      <Filter>Header Files\memory-management</Filter>
    </ClInclude>
    <ClInclude Include="..\..\include\yds_keyboard.h">
      <Filter>Header Files\input</Filter>
    </ClInclude>
    <ClInclude Include="..\..\include\yds_memory_base.h">
      <Filter>Header Files\memory-management</Filter>
    </ClInclude>
    <ClInclude Include="..\..\include\yds_base.h">
      <Filter>Header Files\base</Filter>
    </ClInclude>
    <ClInclude Include="..\..\include\yds_context_object.h">
      <Filter>Header Files\api</Filter>
    </ClInclude>
    <ClInclude Include="..\..\include\yds_depth_buffer.h">
      <Filter>Header Files\api</Filter>
    </ClInclude>
    <ClInclude Include="..\..\include\yds_device.h">
      <Filter>Header Files\api</Filter>
    </ClInclude>
    <ClInclude Include="..\..\include\yds_file.h">
      <Filter>Header Files\file</Filter>
    </ClInclude>
    <ClInclude Include="..\..\include\yds_file_logger.h">
      <Filter>Header Files\debugging</Filter>
    </ClInclude>
    <ClInclude Include="..\..\include\yds_geometry_export_file.h">
      <Filter>Header Files\assets</Filter>
    </ClInclude>
    <ClInclude Include="..\..\include\yds_file_utilities.h">
      <Filter>Header Files\file</Filter>
    </ClInclude>
    <ClInclude Include="..\..\include\yds_tool_animation_file.h">
      <Filter>Header Files\assets\legacy</Filter>
    </ClInclude>
    <ClInclude Include="..\..\include\yds_tool_geometry_file.h">
      <Filter>Header Files\assets\legacy</Filter>
    </ClInclude>
    <ClInclude Include="..\..\include\yds_geometry_preprocessing.h">
      <Filter>Header Files\assets\legacy</Filter>
    </ClInclude>
    <ClInclude Include="..\..\include\yds_object_data.h">
      <Filter>Header Files\assets\legacy</Filter>
    </ClInclude>
    <ClInclude Include="..\..\include\yds_gpu_buffer.h">
      <Filter>Header Files\api</Filter>
    </ClInclude>
    <ClInclude Include="..\..\include\yds_key_maps.h">
      <Filter>Header Files\input</Filter>
    </ClInclude>
    <ClInclude Include="..\..\include\yds_logger.h">
      <Filter>Header Files\debugging</Filter>
    </ClInclude>
    <ClInclude Include="..\..\include\yds_logger_output.h">
      <Filter>Header Files\debugging</Filter>
    </ClInclude>
    <ClInclude Include="..\..\include\yds_registry.h">
      <Filter>Header Files\memory-management</Filter>
    </ClInclude>
    <ClInclude Include="..\..\include\yds_object_animation_data.h">
      <Filter>Header Files\assets\legacy</Filter>
    </ClInclude>
    <ClInclude Include="..\..\include\yds_handle_array.h">
      <Filter>Header Files\memory-management</Filter>
    </ClInclude>
    <ClInclude Include="..\..\include\yds_math.h">
      <Filter>Header Files\math</Filter>
    </ClInclude>
    <ClInclude Include="..\..\include\yds_render_geometry_channel.h">
      <Filter>Header Files\api</Filter>
    </ClInclude>
    <ClInclude Include="..\..\include\yds_render_geometry_format.h">
      <Filter>Header Files\api</Filter>
    </ClInclude>
    <ClInclude Include="..\..\include\yds_d3d10_context.h">
      <Filter>Header Files\api\directx10</Filter>
    </ClInclude>
    <ClInclude Include="..\..\include\yds_d3d10_device.h">
      <Filter>Header Files\api\directx10</Filter>
    </ClInclude>
    <ClInclude Include="..\..\include\yds_d3d10_gpu_buffer.h">
      <Filter>Header Files\api\directx10</Filter>
    </ClInclude>
    <ClInclude Include="..\..\include\yds_d3d10_input_layout.h">
      <Filter>Header Files\api\directx10</Filter>
    </ClInclude>
    <ClInclude Include="..\..\include\yds_d3d10_render_target.h">
      <Filter>Header Files\api\directx10</Filter>
    </ClInclude>
    <ClInclude Include="..\..\include\yds_d3d10_shader.h">
      <Filter>Header Files\api\directx10</Filter>
    </ClInclude>
    <ClInclude Include="..\..\include\yds_d3d10_shader_program.h">
      <Filter>Header Files\api\directx10</Filter>
    </ClInclude>
    <ClInclude Include="..\..\include\yds_d3d10_texture.h">
      <Filter>Header Files\api\directx10</Filter>
    </ClInclude>
    <ClInclude Include="..\..\include\yds_d3d11_context.h">
      <Filter>Header Files\api\directx11</Filter>
    </ClInclude>
    <ClInclude Include="..\..\include\yds_d3d11_device.h">
      <Filter>Header Files\api\directx11</Filter>
    </ClInclude>
    <ClInclude Include="..\..\include\yds_d3d11_gpu_buffer.h">
      <Filter>Header Files\api\directx11</Filter>
    </ClInclude>
    <ClInclude Include="..\..\include\yds_d3d11_input_layout.h">
      <Filter>Header Files\api\directx11</Filter>
    </ClInclude>
    <ClInclude Include="..\..\include\yds_d3d11_render_target.h">
      <Filter>Header Files\api\directx11</Filter>
    </ClInclude>
    <ClInclude Include="..\..\include\yds_d3d11_shader.h">
      <Filter>Header Files\api\directx11</Filter>
    </ClInclude>
    <ClInclude Include="..\..\include\yds_d3d11_shader_program.h">
      <Filter>Header Files\api\directx11</Filter>
    </ClInclude>
    <ClInclude Include="..\..\include\yds_d3d11_texture.h">
      <Filter>Header Files\api\directx11</Filter>
    </ClInclude>
    <ClInclude Include="..\..\include\yds_opengl_context.h">
      <Filter>Header Files\api\opengl</Filter>
    </ClInclude>
    <ClInclude Include="..\..\include\yds_opengl_device.h">
      <Filter>Header Files\api\opengl</Filter>
    </ClInclude>
    <ClInclude Include="..\..\include\yds_opengl_gpu_buffer.h">
      <Filter>Header Files\api\opengl</Filter>
    </ClInclude>
    <ClInclude Include="..\..\include\yds_opengl_input_layout.h">
      <Filter>Header Files\api\opengl</Filter>
    </ClInclude>
    <ClInclude Include="..\..\include\yds_opengl_render_target.h">
      <Filter>Header Files\api\opengl</Filter>
    </ClInclude>
    <ClInclude Include="..\..\include\yds_opengl_shader.h">
      <Filter>Header Files\api\opengl</Filter>
    </ClInclude>
    <ClInclude Include="..\..\include\yds_opengl_shader_program.h">
      <Filter>Header Files\api\opengl</Filter>
    </ClInclude>
    <ClInclude Include="..\..\include\yds_opengl_texture.h">
      <Filter>Header Files\api\opengl</Filter>
    </ClInclude>
    <ClInclude Include="..\..\include\yds_opengl_windows_context.h">
      <Filter>Header Files\api\opengl</Filter>
    </ClInclude>
    <ClInclude Include="..\..\include\yds_render_target.h">
      <Filter>Header Files\api</Filter>
    </ClInclude>
    <ClInclude Include="..\..\include\yds_rendering_context.h">
      <Filter>Header Files\api</Filter>
    </ClInclude>
    <ClInclude Include="..\..\include\yds_stat.h">
      <Filter>Header Files\math</Filter>
    </ClInclude>
    <ClInclude Include="..\..\include\yds_texture.h">
      <Filter>Header Files\api</Filter>
    </ClInclude>
    <ClInclude Include="..\..\include\yds_shader.h">
      <Filter>Header Files\api</Filter>
    </ClInclude>
    <ClInclude Include="..\..\include\yds_monitor.h">
      <Filter>Header Files\window-system</Filter>
    </ClInclude>
    <ClInclude Include="..\..\include\yds_shader_program.h">
      <Filter>Header Files\api</Filter>
    </ClInclude>
    <ClInclude Include="..\..\include\yds_d3d11_utilities.h">
      <Filter>Header Files\api\directx11</Filter>
    </ClInclude>
    <ClInclude Include="..\..\include\yds_time_tag_data.h">
      <Filter>Header Files\assets\legacy</Filter>
    </ClInclude>
    <ClInclude Include="..\..\include\yds_breakdown_timer.h">
      <Filter>Header Files\timing</Filter>
    </ClInclude>
    <ClInclude Include="..\..\include\yds_breakdown_timer_channel.h">
      <Filter>Header Files\timing</Filter>
    </ClInclude>
  </ItemGroup>
  <ItemGroup>
    <ClCompile Include="..\..\src\yds_interchange_file_0_0.cpp">
      <Filter>Source Files\assets</Filter>
    </ClCompile>
    <ClCompile Include="..\..\src\yds_interchange_object.cpp">
      <Filter>Source Files\assets</Filter>
    </ClCompile>
    <ClCompile Include="..\..\src\yds_interchange_file_0_1.cpp">
      <Filter>Source Files\assets</Filter>
    </ClCompile>
    <ClCompile Include="..\..\src\yds_animation_action.cpp">
      <Filter>Source Files\assets\animation</Filter>
    </ClCompile>
    <ClCompile Include="..\..\src\yds_animation_mixer.cpp">
      <Filter>Source Files\assets\animation</Filter>
    </ClCompile>
    <ClCompile Include="..\..\src\yds_animation_curve.cpp">
      <Filter>Source Files\assets\animation</Filter>
    </ClCompile>
    <ClCompile Include="..\..\src\yds_animation_target.cpp">
      <Filter>Source Files\assets\animation</Filter>
    </ClCompile>
    <ClCompile Include="..\..\src\yds_animation_action_binding.cpp">
      <Filter>Source Files\assets\animation</Filter>
    </ClCompile>
    <ClCompile Include="..\..\src\yds_d3d11_texture.cpp">
      <Filter>Source Files\api\directx11</Filter>
    </ClCompile>
    <ClCompile Include="..\..\src\yds_d3d11_context.cpp">
      <Filter>Source Files\api\directx11</Filter>
    </ClCompile>
    <ClCompile Include="..\..\src\yds_d3d11_device.cpp">
      <Filter>Source Files\api\directx11</Filter>
    </ClCompile>
    <ClCompile Include="..\..\src\yds_d3d11_gpu_buffer.cpp">
      <Filter>Source Files\api\directx11</Filter>
    </ClCompile>
    <ClCompile Include="..\..\src\yds_d3d11_input_layout.cpp">
      <Filter>Source Files\api\directx11</Filter>
    </ClCompile>
    <ClCompile Include="..\..\src\yds_d3d11_render_target.cpp">
      <Filter>Source Files\api\directx11</Filter>
    </ClCompile>
    <ClCompile Include="..\..\src\yds_d3d11_shader.cpp">
      <Filter>Source Files\api\directx11</Filter>
    </ClCompile>
    <ClCompile Include="..\..\src\yds_d3d11_shader_program.cpp">
      <Filter>Source Files\api\directx11</Filter>
    </ClCompile>
    <ClCompile Include="..\..\src\yds_d3d10_context.cpp">
      <Filter>Source Files\api\directx10</Filter>
    </ClCompile>
    <ClCompile Include="..\..\src\yds_d3d10_device.cpp">
      <Filter>Source Files\api\directx10</Filter>
    </ClCompile>
    <ClCompile Include="..\..\src\yds_d3d10_gpu_buffer.cpp">
      <Filter>Source Files\api\directx10</Filter>
    </ClCompile>
    <ClCompile Include="..\..\src\yds_d3d10_input_layout.cpp">
      <Filter>Source Files\api\directx10</Filter>
    </ClCompile>
    <ClCompile Include="..\..\src\yds_d3d10_render_target.cpp">
      <Filter>Source Files\api\directx10</Filter>
    </ClCompile>
    <ClCompile Include="..\..\src\yds_d3d10_shader.cpp">
      <Filter>Source Files\api\directx10</Filter>
    </ClCompile>
    <ClCompile Include="..\..\src\yds_d3d10_shader_program.cpp">
      <Filter>Source Files\api\directx10</Filter>
    </ClCompile>
    <ClCompile Include="..\..\src\yds_d3d10_texture.cpp">
      <Filter>Source Files\api\directx10</Filter>
    </ClCompile>
    <ClCompile Include="..\..\src\yds_opengl_windows_context.cpp">
      <Filter>Source Files\api\opengl</Filter>
    </ClCompile>
    <ClCompile Include="..\..\src\yds_opengl_device.cpp">
      <Filter>Source Files\api\opengl</Filter>
    </ClCompile>
    <ClCompile Include="..\..\src\yds_opengl_gpu_buffer.cpp">
      <Filter>Source Files\api\opengl</Filter>
    </ClCompile>
    <ClCompile Include="..\..\src\yds_opengl_input_layout.cpp">
      <Filter>Source Files\api\opengl</Filter>
    </ClCompile>
    <ClCompile Include="..\..\src\yds_opengl_render_target.cpp">
      <Filter>Source Files\api\opengl</Filter>
    </ClCompile>
    <ClCompile Include="..\..\src\yds_opengl_shader.cpp">
      <Filter>Source Files\api\opengl</Filter>
    </ClCompile>
    <ClCompile Include="..\..\src\yds_opengl_shader_program.cpp">
      <Filter>Source Files\api\opengl</Filter>
    </ClCompile>
    <ClCompile Include="..\..\src\yds_opengl_texture.cpp">
      <Filter>Source Files\api\opengl</Filter>
    </ClCompile>
    <ClCompile Include="..\..\src\yds_opengl_context.cpp">
      <Filter>Source Files\api\opengl</Filter>
    </ClCompile>
    <ClCompile Include="..\..\src\yds_transform.cpp">
      <Filter>Source Files\object</Filter>
    </ClCompile>
    <ClCompile Include="..\..\src\yds_animation_interchange_file_reader_0_0.cpp">
      <Filter>Source Files\assets\animation\interchange</Filter>
    </ClCompile>
    <ClCompile Include="..\..\src\yds_animation_interchange_file_reader_0_1.cpp">
      <Filter>Source Files\assets\animation\interchange</Filter>
    </ClCompile>
    <ClCompile Include="..\..\src\yds_animation_interchange_file.cpp">
      <Filter>Source Files\assets\animation\interchange</Filter>
    </ClCompile>
    <ClCompile Include="..\..\src\yds_animation_interchange_file_reader.cpp">
      <Filter>Source Files\assets\animation\interchange</Filter>
    </ClCompile>
    <ClCompile Include="..\..\src\yds_audio_device.cpp">
      <Filter>Source Files\audio</Filter>
    </ClCompile>
    <ClCompile Include="..\..\src\yds_audio_parameters.cpp">
      <Filter>Source Files\audio</Filter>
    </ClCompile>
    <ClCompile Include="..\..\src\yds_audio_file.cpp">
      <Filter>Source Files\audio</Filter>
    </ClCompile>
    <ClCompile Include="..\..\src\yds_audio_streaming.cpp">
      <Filter>Source Files\audio</Filter>
    </ClCompile>
    <ClCompile Include="..\..\src\yds_audio_system.cpp">
      <Filter>Source Files\audio</Filter>
    </ClCompile>
    <ClCompile Include="..\..\src\yds_audio_system_object.cpp">
      <Filter>Source Files\audio</Filter>
    </ClCompile>
    <ClCompile Include="..\..\src\yds_ds8_device.cpp">
      <Filter>Source Files\audio\ds8</Filter>
    </ClCompile>
    <ClCompile Include="..\..\src\yds_ds8_system.cpp">
      <Filter>Source Files\audio\ds8</Filter>
    </ClCompile>
    <ClCompile Include="..\..\src\yds_windows_audio_wave_file.cpp">
      <Filter>Source Files\audio\wave</Filter>
    </ClCompile>
    <ClCompile Include="..\..\src\yds_audio_source.cpp">
      <Filter>Source Files\audio</Filter>
    </ClCompile>
    <ClCompile Include="..\..\src\yds_ds8_audio_source.cpp">
      <Filter>Source Files\audio\ds8</Filter>
    </ClCompile>
    <ClCompile Include="..\..\src\yds_audio_buffer.cpp">
      <Filter>Source Files\audio</Filter>
    </ClCompile>
    <ClCompile Include="..\..\src\yds_ds8_audio_buffer.cpp">
      <Filter>Source Files\audio\ds8</Filter>
    </ClCompile>
    <ClCompile Include="..\..\src\yds_color.cpp">
      <Filter>Source Files\color</Filter>
    </ClCompile>
    <ClCompile Include="..\..\src\yds_window.cpp">
      <Filter>Source Files\window-system</Filter>
    </ClCompile>
    <ClCompile Include="..\..\src\yds_window_event_handler.cpp">
      <Filter>Source Files\window-system</Filter>
    </ClCompile>
    <ClCompile Include="..\..\src\yds_window_system.cpp">
      <Filter>Source Files\window-system</Filter>
    </ClCompile>
    <ClCompile Include="..\..\src\yds_window_system_object.cpp">
      <Filter>Source Files\window-system</Filter>
    </ClCompile>
    <ClCompile Include="..\..\src\yds_windows_input_device.cpp">
      <Filter>Source Files\input\windows</Filter>
    </ClCompile>
    <ClCompile Include="..\..\src\yds_windows_input_system.cpp">
      <Filter>Source Files\input\windows</Filter>
    </ClCompile>
    <ClCompile Include="..\..\src\yds_input_device.cpp">
      <Filter>Source Files\input</Filter>
    </ClCompile>
    <ClCompile Include="..\..\src\yds_input_layout.cpp">
      <Filter>Source Files\input</Filter>
    </ClCompile>
    <ClCompile Include="..\..\src\yds_input_system.cpp">
      <Filter>Source Files\input</Filter>
    </ClCompile>
    <ClCompile Include="..\..\src\yds_error_handler.cpp">
      <Filter>Source Files\error-handling</Filter>
    </ClCompile>
    <ClCompile Include="..\..\src\yds_error_system.cpp">
      <Filter>Source Files\error-handling</Filter>
    </ClCompile>
    <ClCompile Include="..\..\src\yds_dynamic_allocator.cpp">
      <Filter>Source Files\memory-management</Filter>
    </ClCompile>
    <ClCompile Include="..\..\src\yds_logger.cpp">
      <Filter>Source Files\debugging\logging</Filter>
    </ClCompile>
    <ClCompile Include="..\..\src\yds_logger_output.cpp">
      <Filter>Source Files\debugging\logging</Filter>
    </ClCompile>
    <ClCompile Include="..\..\src\yds_context_object.cpp">
      <Filter>Source Files\api</Filter>
    </ClCompile>
    <ClCompile Include="..\..\src\yds_device.cpp">
      <Filter>Source Files\api</Filter>
    </ClCompile>
    <ClCompile Include="..\..\src\yds_depth_buffer.cpp">
      <Filter>Source Files\api</Filter>
    </ClCompile>
    <ClCompile Include="..\..\src\yds_gpu_buffer.cpp">
      <Filter>Source Files\api</Filter>
    </ClCompile>
    <ClCompile Include="..\..\src\yds_render_geometry_channel.cpp">
      <Filter>Source Files\api</Filter>
    </ClCompile>
    <ClCompile Include="..\..\src\yds_render_geometry_format.cpp">
      <Filter>Source Files\api</Filter>
    </ClCompile>
    <ClCompile Include="..\..\src\yds_render_target.cpp">
      <Filter>Source Files\api</Filter>
    </ClCompile>
    <ClCompile Include="..\..\src\yds_rendering_context.cpp">
      <Filter>Source Files\api</Filter>
    </ClCompile>
    <ClCompile Include="..\..\src\yds_shader.cpp">
      <Filter>Source Files\api</Filter>
    </ClCompile>
    <ClCompile Include="..\..\src\yds_shader_program.cpp">
      <Filter>Source Files\api</Filter>
    </ClCompile>
    <ClCompile Include="..\..\src\yds_texture.cpp">
      <Filter>Source Files\api</Filter>
    </ClCompile>
    <ClCompile Include="..\..\src\yds_file_logger.cpp">
      <Filter>Source Files\debugging\logging</Filter>
    </ClCompile>
    <ClCompile Include="..\..\src\yds_keyboard.cpp">
      <Filter>Source Files\input</Filter>
    </ClCompile>
    <ClCompile Include="..\..\src\yds_mouse.cpp">
      <Filter>Source Files\input</Filter>
    </ClCompile>
    <ClCompile Include="..\..\src\yds_linked_list.cpp">
      <Filter>Source Files\memory-management</Filter>
    </ClCompile>
    <ClCompile Include="..\..\src\yds_base.cpp">
      <Filter>Source Files\base</Filter>
    </ClCompile>
    <ClCompile Include="..\..\src\yds_geometry_preprocessing.cpp">
      <Filter>Source Files\assets\legacy</Filter>
    </ClCompile>
    <ClCompile Include="..\..\src\yds_memory_base.cpp">
      <Filter>Source Files\memory-management</Filter>
    </ClCompile>
    <ClCompile Include="..\..\src\yds_geometry_export_file.cpp">
      <Filter>Source Files\assets</Filter>
    </ClCompile>
    <ClCompile Include="..\..\src\yds_timing.cpp">
      <Filter>Source Files\timing</Filter>
    </ClCompile>
    <ClCompile Include="..\..\src\yds_tool_animation_file.cpp">
      <Filter>Source Files\assets\legacy</Filter>
    </ClCompile>
    <ClCompile Include="..\..\src\yds_tool_geometry_file.cpp">
      <Filter>Source Files\assets\legacy</Filter>
    </ClCompile>
    <ClCompile Include="..\..\src\yds_math.cpp">
      <Filter>Source Files\math</Filter>
    </ClCompile>
    <ClCompile Include="..\..\src\yds_monitor.cpp">
      <Filter>Source Files\window-system</Filter>
    </ClCompile>
    <ClCompile Include="..\..\src\yds_stat.cpp">
      <Filter>Source Files\math</Filter>
    </ClCompile>
    <ClCompile Include="..\..\src\yds_object_data.cpp">
      <Filter>Source Files\assets\legacy</Filter>
    </ClCompile>
    <ClCompile Include="..\..\src\yds_object_animation_data.cpp">
      <Filter>Source Files\assets\legacy</Filter>
    </ClCompile>
    <ClCompile Include="..\..\src\yds_file.cpp">
      <Filter>Source Files\file</Filter>
    </ClCompile>
    <ClCompile Include="..\..\src\yds_windows_window.cpp">
      <Filter>Source Files\window-system\windows</Filter>
    </ClCompile>
    <ClCompile Include="..\..\src\yds_windows_window_system.cpp">
      <Filter>Source Files\window-system\windows</Filter>
    </ClCompile>
    <ClCompile Include="..\..\src\yds_windows_key_maps.cpp">
      <Filter>Source Files\window-system\windows</Filter>
    </ClCompile>
    <ClCompile Include="..\..\src\yds_windows_monitor.cpp">
      <Filter>Source Files\window-system\windows</Filter>
    </ClCompile>
    <ClCompile Include="..\..\src\yds_d3d11_utilities.cpp">
      <Filter>Source Files\api\directx11</Filter>
    </ClCompile>
    <ClCompile Include="..\..\src\yds_time_tag_data.cpp">
      <Filter>Source Files\assets\legacy</Filter>
    </ClCompile>
    <ClCompile Include="..\..\src\yds_breakdown_timer_channel.cpp">
      <Filter>Source Files\timing</Filter>
    </ClCompile>
    <ClCompile Include="..\..\src\yds_breakdown_timer.cpp">
      <Filter>Source Files\timing</Filter>
    </ClCompile>
  </ItemGroup>
</Project>