<?xml version="1.0" encoding="utf-8"?>
<Project ToolsVersion="4.0" xmlns="http://schemas.microsoft.com/developer/msbuild/2003">
  <ItemGroup>
    <Filter Include="Source Files">
      <UniqueIdentifier>{4FC737F1-C7A5-4376-A066-2A32D752A2FF}</UniqueIdentifier>
      <Extensions>cpp;c;cc;cxx;def;odl;idl;hpj;bat;asm;asmx</Extensions>
    </Filter>
    <Filter Include="Header Files">
      <UniqueIdentifier>{93995380-89BD-4b04-88EB-625FBE52EBFB}</UniqueIdentifier>
      <Extensions>h;hh;hpp;hxx;hm;inl;inc;ipp;xsd</Extensions>
    </Filter>
    <Filter Include="Resource Files">
      <UniqueIdentifier>{67DA6AB6-F800-4c08-8B7A-83BB121AAD01}</UniqueIdentifier>
      <Extensions>rc;ico;cur;bmp;dlg;rc2;rct;bin;rgs;gif;jpg;jpeg;jpe;resx;tiff;tif;png;wav;mfcribbon-ms</Extensions>
    </Filter>
    <Filter Include="Header Files\Base">
      <UniqueIdentifier>{787d1d0b-6e44-4158-893c-9c50e3a3906e}</UniqueIdentifier>
    </Filter>
    <Filter Include="Header Files\D3D10">
      <UniqueIdentifier>{3c535213-874b-4e0b-b68f-c1ea32f97da5}</UniqueIdentifier>
    </Filter>
    <Filter Include="Header Files\D3D11">
      <UniqueIdentifier>{1bc7fdb2-bfbb-4db6-b97f-97f3cdf0bcaf}</UniqueIdentifier>
    </Filter>
    <Filter Include="Header Files\Unsorted">
      <UniqueIdentifier>{f88d36c4-e8b8-4aa1-b7e1-386f329a08ce}</UniqueIdentifier>
    </Filter>
    <Filter Include="Header Files\OpenGL">
      <UniqueIdentifier>{16ffeeb0-431c-4c96-bd70-9dcb06906067}</UniqueIdentifier>
    </Filter>
    <Filter Include="Header Files\memory-management">
      <UniqueIdentifier>{a1280f0e-dc3d-4fb1-bd69-e6b3cfa16f8d}</UniqueIdentifier>
    </Filter>
    <Filter Include="Header Files\interface">
      <UniqueIdentifier>{7df68994-4c7c-4a1c-acfd-ee5313319a93}</UniqueIdentifier>
    </Filter>
    <Filter Include="Source Files\assets">
      <UniqueIdentifier>{be522536-859a-4339-97c6-853ccb893c0d}</UniqueIdentifier>
    </Filter>
    <Filter Include="Header Files\assets">
      <UniqueIdentifier>{9b3bbec7-2f7a-4ddb-b1db-419c7d5be205}</UniqueIdentifier>
    </Filter>
  </ItemGroup>
  <ItemGroup>
    <ClInclude Include="..\..\include\yds_d3d10_context.h">
      <Filter>Header Files\D3D10</Filter>
    </ClInclude>
    <ClInclude Include="..\..\include\yds_d3d10_device.h">
      <Filter>Header Files\D3D10</Filter>
    </ClInclude>
    <ClInclude Include="..\..\include\yds_d3d10_gpu_buffer.h">
      <Filter>Header Files\D3D10</Filter>
    </ClInclude>
    <ClInclude Include="..\..\include\yds_d3d10_input_layout.h">
      <Filter>Header Files\D3D10</Filter>
    </ClInclude>
    <ClInclude Include="..\..\include\yds_d3d10_render_target.h">
      <Filter>Header Files\D3D10</Filter>
    </ClInclude>
    <ClInclude Include="..\..\include\yds_d3d10_shader.h">
      <Filter>Header Files\D3D10</Filter>
    </ClInclude>
    <ClInclude Include="..\..\include\yds_d3d10_shader_program.h">
      <Filter>Header Files\D3D10</Filter>
    </ClInclude>
    <ClInclude Include="..\..\include\yds_d3d10_texture.h">
      <Filter>Header Files\D3D10</Filter>
    </ClInclude>
    <ClInclude Include="..\..\include\yds_d3d11_context.h">
      <Filter>Header Files\D3D11</Filter>
    </ClInclude>
    <ClInclude Include="..\..\include\yds_d3d11_device.h">
      <Filter>Header Files\D3D11</Filter>
    </ClInclude>
    <ClInclude Include="..\..\include\yds_d3d11_gpu_buffer.h">
      <Filter>Header Files\D3D11</Filter>
    </ClInclude>
    <ClInclude Include="..\..\include\yds_d3d11_input_layout.h">
      <Filter>Header Files\D3D11</Filter>
    </ClInclude>
    <ClInclude Include="..\..\include\yds_d3d11_render_target.h">
      <Filter>Header Files\D3D11</Filter>
    </ClInclude>
    <ClInclude Include="..\..\include\yds_d3d11_shader.h">
      <Filter>Header Files\D3D11</Filter>
    </ClInclude>
    <ClInclude Include="..\..\include\yds_d3d11_shader_program.h">
      <Filter>Header Files\D3D11</Filter>
    </ClInclude>
    <ClInclude Include="..\..\include\yds_d3d11_texture.h">
      <Filter>Header Files\D3D11</Filter>
    </ClInclude>
    <ClInclude Include="..\..\include\yds_opengl_context.h">
      <Filter>Header Files\OpenGL</Filter>
    </ClInclude>
    <ClInclude Include="..\..\include\yds_opengl_device.h">
      <Filter>Header Files\OpenGL</Filter>
    </ClInclude>
    <ClInclude Include="..\..\include\yds_opengl_gpu_buffer.h">
      <Filter>Header Files\OpenGL</Filter>
    </ClInclude>
    <ClInclude Include="..\..\include\yds_opengl_input_layout.h">
      <Filter>Header Files\OpenGL</Filter>
    </ClInclude>
    <ClInclude Include="..\..\include\yds_opengl_render_target.h">
      <Filter>Header Files\OpenGL</Filter>
    </ClInclude>
    <ClInclude Include="..\..\include\yds_opengl_shader.h">
      <Filter>Header Files\OpenGL</Filter>
    </ClInclude>
    <ClInclude Include="..\..\include\yds_opengl_shader_program.h">
      <Filter>Header Files\OpenGL</Filter>
    </ClInclude>
    <ClInclude Include="..\..\include\yds_opengl_texture.h">
      <Filter>Header Files\OpenGL</Filter>
    </ClInclude>
    <ClInclude Include="..\..\include\yds_opengl_windows_context.h">
      <Filter>Header Files\OpenGL</Filter>
    </ClInclude>
    <ClInclude Include="..\..\include\yds_audio_buffer.h">
      <Filter>Header Files\Unsorted</Filter>
    </ClInclude>
    <ClInclude Include="..\..\include\yds_audio_device.h">
      <Filter>Header Files\Unsorted</Filter>
    </ClInclude>
    <ClInclude Include="..\..\include\yds_audio_file.h">
      <Filter>Header Files\Unsorted</Filter>
    </ClInclude>
    <ClInclude Include="..\..\include\yds_audio_parameters.h">
      <Filter>Header Files\Unsorted</Filter>
    </ClInclude>
    <ClInclude Include="..\..\include\yds_audio_streaming.h">
      <Filter>Header Files\Unsorted</Filter>
    </ClInclude>
    <ClInclude Include="..\..\include\yds_audio_system.h">
      <Filter>Header Files\Unsorted</Filter>
    </ClInclude>
    <ClInclude Include="..\..\include\yds_audio_system_object.h">
      <Filter>Header Files\Unsorted</Filter>
    </ClInclude>
    <ClInclude Include="..\..\include\yds_base.h">
      <Filter>Header Files\Unsorted</Filter>
    </ClInclude>
    <ClInclude Include="..\..\include\yds_context_object.h">
      <Filter>Header Files\Unsorted</Filter>
    </ClInclude>
    <ClInclude Include="..\..\include\yds_depth_buffer.h">
      <Filter>Header Files\Unsorted</Filter>
    </ClInclude>
    <ClInclude Include="..\..\include\yds_device.h">
      <Filter>Header Files\Unsorted</Filter>
    </ClInclude>
    <ClInclude Include="..\..\include\yds_ds8_audio_buffer.h">
      <Filter>Header Files\Unsorted</Filter>
    </ClInclude>
    <ClInclude Include="..\..\include\yds_ds8_device.h">
      <Filter>Header Files\Unsorted</Filter>
    </ClInclude>
    <ClInclude Include="..\..\include\yds_ds8_system.h">
      <Filter>Header Files\Unsorted</Filter>
    </ClInclude>
    <ClInclude Include="..\..\include\yds_error_codes.h">
      <Filter>Header Files\Unsorted</Filter>
    </ClInclude>
    <ClInclude Include="..\..\include\yds_error_handler.h">
      <Filter>Header Files\Unsorted</Filter>
    </ClInclude>
    <ClInclude Include="..\..\include\yds_error_system.h">
      <Filter>Header Files\Unsorted</Filter>
    </ClInclude>
    <ClInclude Include="..\..\include\yds_file.h">
      <Filter>Header Files\Unsorted</Filter>
    </ClInclude>
    <ClInclude Include="..\..\include\yds_file_logger.h">
      <Filter>Header Files\Unsorted</Filter>
    </ClInclude>
    <ClInclude Include="..\..\include\yds_geometry_export_file.h">
      <Filter>Header Files\Unsorted</Filter>
    </ClInclude>
    <ClInclude Include="..\..\include\yds_geometry_preprocessing.h">
      <Filter>Header Files\Unsorted</Filter>
    </ClInclude>
    <ClInclude Include="..\..\include\yds_gpu_buffer.h">
      <Filter>Header Files\Unsorted</Filter>
    </ClInclude>
    <ClInclude Include="..\..\include\yds_handle_array.h">
      <Filter>Header Files\Unsorted</Filter>
    </ClInclude>
    <ClInclude Include="..\..\include\yds_input_device.h">
      <Filter>Header Files\Unsorted</Filter>
    </ClInclude>
    <ClInclude Include="..\..\include\yds_input_layout.h">
      <Filter>Header Files\Unsorted</Filter>
    </ClInclude>
    <ClInclude Include="..\..\include\yds_input_system.h">
      <Filter>Header Files\Unsorted</Filter>
    </ClInclude>
    <ClInclude Include="..\..\include\yds_key_maps.h">
      <Filter>Header Files\Unsorted</Filter>
    </ClInclude>
    <ClInclude Include="..\..\include\yds_keyboard.h">
      <Filter>Header Files\Unsorted</Filter>
    </ClInclude>
    <ClInclude Include="..\..\include\yds_linked_list.h">
      <Filter>Header Files\Unsorted</Filter>
    </ClInclude>
    <ClInclude Include="..\..\include\yds_logger.h">
      <Filter>Header Files\Unsorted</Filter>
    </ClInclude>
    <ClInclude Include="..\..\include\yds_logger_output.h">
      <Filter>Header Files\Unsorted</Filter>
    </ClInclude>
    <ClInclude Include="..\..\include\yds_math.h">
      <Filter>Header Files\Unsorted</Filter>
    </ClInclude>
    <ClInclude Include="..\..\include\yds_memory_base.h">
      <Filter>Header Files\Unsorted</Filter>
    </ClInclude>
    <ClInclude Include="..\..\include\yds_monitor.h">
      <Filter>Header Files\Unsorted</Filter>
    </ClInclude>
    <ClInclude Include="..\..\include\yds_mouse.h">
      <Filter>Header Files\Unsorted</Filter>
    </ClInclude>
    <ClInclude Include="..\..\include\yds_object_animation_data.h">
      <Filter>Header Files\Unsorted</Filter>
    </ClInclude>
    <ClInclude Include="..\..\include\yds_queue.h">
      <Filter>Header Files\Unsorted</Filter>
    </ClInclude>
    <ClInclude Include="..\..\include\yds_registry.h">
      <Filter>Header Files\Unsorted</Filter>
    </ClInclude>
    <ClInclude Include="..\..\include\yds_render_geometry_channel.h">
      <Filter>Header Files\Unsorted</Filter>
    </ClInclude>
    <ClInclude Include="..\..\include\yds_render_geometry_format.h">
      <Filter>Header Files\Unsorted</Filter>
    </ClInclude>
    <ClInclude Include="..\..\include\yds_render_target.h">
      <Filter>Header Files\Unsorted</Filter>
    </ClInclude>
    <ClInclude Include="..\..\include\yds_rendering_context.h">
      <Filter>Header Files\Unsorted</Filter>
    </ClInclude>
    <ClInclude Include="..\..\include\yds_shader.h">
      <Filter>Header Files\Unsorted</Filter>
    </ClInclude>
    <ClInclude Include="..\..\include\yds_shader_constant_block.h">
      <Filter>Header Files\Unsorted</Filter>
    </ClInclude>
    <ClInclude Include="..\..\include\yds_shader_program.h">
      <Filter>Header Files\Unsorted</Filter>
    </ClInclude>
    <ClInclude Include="..\..\include\yds_stat.h">
      <Filter>Header Files\Unsorted</Filter>
    </ClInclude>
    <ClInclude Include="..\..\include\yds_syntax.h">
      <Filter>Header Files\Unsorted</Filter>
    </ClInclude>
    <ClInclude Include="..\..\include\yds_texture.h">
      <Filter>Header Files\Unsorted</Filter>
    </ClInclude>
    <ClInclude Include="..\..\include\yds_time_tag_data.h">
      <Filter>Header Files\Unsorted</Filter>
    </ClInclude>
    <ClInclude Include="..\..\include\yds_timing.h">
      <Filter>Header Files\Unsorted</Filter>
    </ClInclude>
    <ClInclude Include="..\..\include\yds_tool_animation_file.h">
      <Filter>Header Files\Unsorted</Filter>
    </ClInclude>
    <ClInclude Include="..\..\include\yds_tool_geometry_file.h">
      <Filter>Header Files\Unsorted</Filter>
    </ClInclude>
    <ClInclude Include="..\..\include\yds_window.h">
      <Filter>Header Files\Unsorted</Filter>
    </ClInclude>
    <ClInclude Include="..\..\include\yds_window_event_handler.h">
      <Filter>Header Files\Unsorted</Filter>
    </ClInclude>
    <ClInclude Include="..\..\include\yds_window_system.h">
      <Filter>Header Files\Unsorted</Filter>
    </ClInclude>
    <ClInclude Include="..\..\include\yds_window_system_object.h">
      <Filter>Header Files\Unsorted</Filter>
    </ClInclude>
    <ClInclude Include="..\..\include\yds_windows_audio_wave_file.h">
      <Filter>Header Files\Unsorted</Filter>
    </ClInclude>
    <ClInclude Include="..\..\include\yds_windows_input_device.h">
      <Filter>Header Files\Unsorted</Filter>
    </ClInclude>
    <ClInclude Include="..\..\include\yds_windows_input_system.h">
      <Filter>Header Files\Unsorted</Filter>
    </ClInclude>
    <ClInclude Include="..\..\include\yds_windows_monitor.h">
      <Filter>Header Files\Unsorted</Filter>
    </ClInclude>
    <ClInclude Include="..\..\include\yds_windows_window.h">
      <Filter>Header Files\Unsorted</Filter>
    </ClInclude>
    <ClInclude Include="..\..\include\yds_windows_window_system.h">
      <Filter>Header Files\Unsorted</Filter>
    </ClInclude>
    <ClInclude Include="..\..\include\yds_core.h">
      <Filter>Header Files\interface</Filter>
    </ClInclude>
    <ClInclude Include="..\..\include\yds_dynamic_allocator.h">
      <Filter>Header Files\memory-management</Filter>
    </ClInclude>
    <ClInclude Include="..\..\include\yds_dynamic_array.h">
      <Filter>Header Files\memory-management</Filter>
    </ClInclude>
    <ClInclude Include="..\..\include\yds_dynamic_array_deprecated.h">
      <Filter>Header Files\memory-management</Filter>
    </ClInclude>
    <ClInclude Include="..\..\include\yds_expanding_array.h">
      <Filter>Header Files\memory-management</Filter>
    </ClInclude>
    <ClInclude Include="..\..\include\yds_allocator.h">
      <Filter>Header Files\memory-management</Filter>
    </ClInclude>
    <ClInclude Include="..\..\include\yds_file_utilities.h">
      <Filter>Header Files\assets</Filter>
    </ClInclude>
    <ClInclude Include="..\..\include\yds_interchange_file_0_0.h">
      <Filter>Header Files\assets</Filter>
    </ClInclude>
    <ClInclude Include="..\..\include\yds_interchange_object.h">
      <Filter>Header Files\assets</Filter>
    </ClInclude>
    <ClInclude Include="..\..\include\yds_object_data.h">
      <Filter>Header Files\assets</Filter>
    </ClInclude>
    <ClInclude Include="..\..\include\yds_interchange_file_0_1.h">
      <Filter>Header Files\assets</Filter>
    </ClInclude>
  </ItemGroup>
  <ItemGroup>
    <ClCompile Include="..\..\src\yds_audio_buffer.cpp">
      <Filter>Source Files</Filter>
    </ClCompile>
    <ClCompile Include="..\..\src\yds_audio_device.cpp">
      <Filter>Source Files</Filter>
    </ClCompile>
    <ClCompile Include="..\..\src\yds_audio_file.cpp">
      <Filter>Source Files</Filter>
    </ClCompile>
    <ClCompile Include="..\..\src\yds_audio_parameters.cpp">
      <Filter>Source Files</Filter>
    </ClCompile>
    <ClCompile Include="..\..\src\yds_audio_streaming.cpp">
      <Filter>Source Files</Filter>
    </ClCompile>
    <ClCompile Include="..\..\src\yds_audio_system.cpp">
      <Filter>Source Files</Filter>
    </ClCompile>
    <ClCompile Include="..\..\src\yds_audio_system_object.cpp">
      <Filter>Source Files</Filter>
    </ClCompile>
    <ClCompile Include="..\..\src\yds_base.cpp">
      <Filter>Source Files</Filter>
    </ClCompile>
    <ClCompile Include="..\..\src\yds_context_object.cpp">
      <Filter>Source Files</Filter>
    </ClCompile>
    <ClCompile Include="..\..\src\yds_d3d10_context.cpp">
      <Filter>Source Files</Filter>
    </ClCompile>
    <ClCompile Include="..\..\src\yds_d3d10_device.cpp">
      <Filter>Source Files</Filter>
    </ClCompile>
    <ClCompile Include="..\..\src\yds_d3d10_gpu_buffer.cpp">
      <Filter>Source Files</Filter>
    </ClCompile>
    <ClCompile Include="..\..\src\yds_d3d10_input_layout.cpp">
      <Filter>Source Files</Filter>
    </ClCompile>
    <ClCompile Include="..\..\src\yds_d3d10_render_target.cpp">
      <Filter>Source Files</Filter>
    </ClCompile>
    <ClCompile Include="..\..\src\yds_d3d10_shader.cpp">
      <Filter>Source Files</Filter>
    </ClCompile>
    <ClCompile Include="..\..\src\yds_d3d10_shader_program.cpp">
      <Filter>Source Files</Filter>
    </ClCompile>
    <ClCompile Include="..\..\src\yds_d3d10_texture.cpp">
      <Filter>Source Files</Filter>
    </ClCompile>
    <ClCompile Include="..\..\src\yds_d3d11_context.cpp">
      <Filter>Source Files</Filter>
    </ClCompile>
    <ClCompile Include="..\..\src\yds_d3d11_device.cpp">
      <Filter>Source Files</Filter>
    </ClCompile>
    <ClCompile Include="..\..\src\yds_d3d11_gpu_buffer.cpp">
      <Filter>Source Files</Filter>
    </ClCompile>
    <ClCompile Include="..\..\src\yds_d3d11_input_layout.cpp">
      <Filter>Source Files</Filter>
    </ClCompile>
    <ClCompile Include="..\..\src\yds_d3d11_render_target.cpp">
      <Filter>Source Files</Filter>
    </ClCompile>
    <ClCompile Include="..\..\src\yds_d3d11_shader.cpp">
      <Filter>Source Files</Filter>
    </ClCompile>
    <ClCompile Include="..\..\src\yds_d3d11_shader_program.cpp">
      <Filter>Source Files</Filter>
    </ClCompile>
    <ClCompile Include="..\..\src\yds_d3d11_texture.cpp">
      <Filter>Source Files</Filter>
    </ClCompile>
    <ClCompile Include="..\..\src\yds_depth_buffer.cpp">
      <Filter>Source Files</Filter>
    </ClCompile>
    <ClCompile Include="..\..\src\yds_device.cpp">
      <Filter>Source Files</Filter>
    </ClCompile>
    <ClCompile Include="..\..\src\yds_ds8_audio_buffer.cpp">
      <Filter>Source Files</Filter>
    </ClCompile>
    <ClCompile Include="..\..\src\yds_ds8_device.cpp">
      <Filter>Source Files</Filter>
    </ClCompile>
    <ClCompile Include="..\..\src\yds_ds8_system.cpp">
      <Filter>Source Files</Filter>
    </ClCompile>
    <ClCompile Include="..\..\src\yds_dynamic_allocator.cpp">
      <Filter>Source Files</Filter>
    </ClCompile>
    <ClCompile Include="..\..\src\yds_error_handler.cpp">
      <Filter>Source Files</Filter>
    </ClCompile>
    <ClCompile Include="..\..\src\yds_error_system.cpp">
      <Filter>Source Files</Filter>
    </ClCompile>
    <ClCompile Include="..\..\src\yds_file.cpp">
      <Filter>Source Files</Filter>
    </ClCompile>
    <ClCompile Include="..\..\src\yds_file_logger.cpp">
      <Filter>Source Files</Filter>
    </ClCompile>
    <ClCompile Include="..\..\src\yds_geometry_export_file.cpp">
      <Filter>Source Files</Filter>
    </ClCompile>
    <ClCompile Include="..\..\src\yds_geometry_preprocessing.cpp">
      <Filter>Source Files</Filter>
    </ClCompile>
    <ClCompile Include="..\..\src\yds_gpu_buffer.cpp">
      <Filter>Source Files</Filter>
    </ClCompile>
    <ClCompile Include="..\..\src\yds_input_device.cpp">
      <Filter>Source Files</Filter>
    </ClCompile>
    <ClCompile Include="..\..\src\yds_input_layout.cpp">
      <Filter>Source Files</Filter>
    </ClCompile>
    <ClCompile Include="..\..\src\yds_input_system.cpp">
      <Filter>Source Files</Filter>
    </ClCompile>
    <ClCompile Include="..\..\src\yds_keyboard.cpp">
      <Filter>Source Files</Filter>
    </ClCompile>
    <ClCompile Include="..\..\src\yds_linked_list.cpp">
      <Filter>Source Files</Filter>
    </ClCompile>
    <ClCompile Include="..\..\src\yds_logger.cpp">
      <Filter>Source Files</Filter>
    </ClCompile>
    <ClCompile Include="..\..\src\yds_logger_output.cpp">
      <Filter>Source Files</Filter>
    </ClCompile>
    <ClCompile Include="..\..\src\yds_math.cpp">
      <Filter>Source Files</Filter>
    </ClCompile>
    <ClCompile Include="..\..\src\yds_memory_base.cpp">
      <Filter>Source Files</Filter>
    </ClCompile>
    <ClCompile Include="..\..\src\yds_monitor.cpp">
      <Filter>Source Files</Filter>
    </ClCompile>
    <ClCompile Include="..\..\src\yds_mouse.cpp">
      <Filter>Source Files</Filter>
    </ClCompile>
    <ClCompile Include="..\..\src\yds_object_animation_data.cpp">
      <Filter>Source Files</Filter>
    </ClCompile>
    <ClCompile Include="..\..\src\yds_object_data.cpp">
      <Filter>Source Files</Filter>
    </ClCompile>
    <ClCompile Include="..\..\src\yds_opengl_context.cpp">
      <Filter>Source Files</Filter>
    </ClCompile>
    <ClCompile Include="..\..\src\yds_opengl_device.cpp">
      <Filter>Source Files</Filter>
    </ClCompile>
    <ClCompile Include="..\..\src\yds_opengl_gpu_buffer.cpp">
      <Filter>Source Files</Filter>
    </ClCompile>
    <ClCompile Include="..\..\src\yds_opengl_input_layout.cpp">
      <Filter>Source Files</Filter>
    </ClCompile>
    <ClCompile Include="..\..\src\yds_opengl_render_target.cpp">
      <Filter>Source Files</Filter>
    </ClCompile>
    <ClCompile Include="..\..\src\yds_opengl_shader.cpp">
      <Filter>Source Files</Filter>
    </ClCompile>
    <ClCompile Include="..\..\src\yds_opengl_shader_program.cpp">
      <Filter>Source Files</Filter>
    </ClCompile>
    <ClCompile Include="..\..\src\yds_opengl_texture.cpp">
      <Filter>Source Files</Filter>
    </ClCompile>
    <ClCompile Include="..\..\src\yds_opengl_windows_context.cpp">
      <Filter>Source Files</Filter>
    </ClCompile>
    <ClCompile Include="..\..\src\yds_render_geometry_channel.cpp">
      <Filter>Source Files</Filter>
    </ClCompile>
    <ClCompile Include="..\..\src\yds_render_geometry_format.cpp">
      <Filter>Source Files</Filter>
    </ClCompile>
    <ClCompile Include="..\..\src\yds_render_target.cpp">
      <Filter>Source Files</Filter>
    </ClCompile>
    <ClCompile Include="..\..\src\yds_rendering_context.cpp">
      <Filter>Source Files</Filter>
    </ClCompile>
    <ClCompile Include="..\..\src\yds_shader.cpp">
      <Filter>Source Files</Filter>
    </ClCompile>
    <ClCompile Include="..\..\src\yds_shader_program.cpp">
      <Filter>Source Files</Filter>
    </ClCompile>
    <ClCompile Include="..\..\src\yds_stat.cpp">
      <Filter>Source Files</Filter>
    </ClCompile>
    <ClCompile Include="..\..\src\yds_texture.cpp">
      <Filter>Source Files</Filter>
    </ClCompile>
    <ClCompile Include="..\..\src\yds_time_tag_data.cpp">
      <Filter>Source Files</Filter>
    </ClCompile>
    <ClCompile Include="..\..\src\yds_timing.cpp">
      <Filter>Source Files</Filter>
    </ClCompile>
    <ClCompile Include="..\..\src\yds_tool_animation_file.cpp">
      <Filter>Source Files</Filter>
    </ClCompile>
    <ClCompile Include="..\..\src\yds_tool_geometry_file.cpp">
      <Filter>Source Files</Filter>
    </ClCompile>
    <ClCompile Include="..\..\src\yds_window.cpp">
      <Filter>Source Files</Filter>
    </ClCompile>
    <ClCompile Include="..\..\src\yds_window_event_handler.cpp">
      <Filter>Source Files</Filter>
    </ClCompile>
    <ClCompile Include="..\..\src\yds_window_system.cpp">
      <Filter>Source Files</Filter>
    </ClCompile>
    <ClCompile Include="..\..\src\yds_window_system_object.cpp">
      <Filter>Source Files</Filter>
    </ClCompile>
    <ClCompile Include="..\..\src\yds_windows_audio_wave_file.cpp">
      <Filter>Source Files</Filter>
    </ClCompile>
    <ClCompile Include="..\..\src\yds_windows_input_device.cpp">
      <Filter>Source Files</Filter>
    </ClCompile>
    <ClCompile Include="..\..\src\yds_windows_input_system.cpp">
      <Filter>Source Files</Filter>
    </ClCompile>
    <ClCompile Include="..\..\src\yds_windows_key_maps.cpp">
      <Filter>Source Files</Filter>
    </ClCompile>
    <ClCompile Include="..\..\src\yds_windows_monitor.cpp">
      <Filter>Source Files</Filter>
    </ClCompile>
    <ClCompile Include="..\..\src\yds_windows_window.cpp">
      <Filter>Source Files</Filter>
    </ClCompile>
    <ClCompile Include="..\..\src\yds_windows_window_system.cpp">
      <Filter>Source Files</Filter>
    </ClCompile>
    <ClCompile Include="..\..\src\yds_interchange_file_0_0.cpp">
      <Filter>Source Files\assets</Filter>
    </ClCompile>
    <ClCompile Include="..\..\src\yds_interchange_object.cpp">
      <Filter>Source Files\assets</Filter>
    </ClCompile>
    <ClCompile Include="..\..\src\yds_interchange_file_0_1.cpp">
      <Filter>Source Files\assets</Filter>
    </ClCompile>
  </ItemGroup>
</Project>